{
  "requires": true,
  "lockfileVersion": 1,
  "dependencies": {
    "@angular/animations": {
      "version": "13.3.8",
      "resolved": "https://registry.npmjs.org/@angular/animations/-/animations-13.3.8.tgz",
      "integrity": "sha512-zHQPFy2iW8Eqqm4vDTcri89zBg3UbSlOzREaUk1j6+ulFcNK50vmzqkUvcW/hy8x31+6VXkNvNDn2+Q2BWBxzA==",
      "requires": {
        "tslib": "^2.3.0"
      }
    },
    "@angular/cdk": {
      "version": "13.3.7",
      "resolved": "https://registry.npmjs.org/@angular/cdk/-/cdk-13.3.7.tgz",
      "integrity": "sha512-HtGqlrt4+ikbpzooF0LT/uMW6fgRJxLRUoOwkTY1oHhfNXhQaE2p8XEUH2qshl28aCIF8r8zrb6jpd4VqC+tyg==",
      "requires": {
        "parse5": "^5.0.0",
        "tslib": "^2.3.0"
      }
    },
    "@angular/material": {
      "version": "13.3.7",
      "resolved": "https://registry.npmjs.org/@angular/material/-/material-13.3.7.tgz",
      "integrity": "sha512-CXdLvohaxl3Nii6I70pEJX2FZRRkBPNiocUNP39hFHXf2PW/eNYCN8TS5DG2uOAaR2wyPwrXrU95mDjgvlqXqQ==",
      "requires": {
        "tslib": "^2.3.0"
      }
    },
    "parse5": {
      "version": "5.1.1",
      "resolved": "https://registry.npmjs.org/parse5/-/parse5-5.1.1.tgz",
      "integrity": "sha512-ugq4DFI0Ptb+WWjAdOK16+u/nHfiIrcE+sh8kZMaM0WllQKLI9rOUq6c2b7cwPkXdzfQESqvoqK6ug7U/Yyzug==",
      "optional": true
    },
    "tslib": {
      "version": "2.4.0",
      "resolved": "https://registry.npmjs.org/tslib/-/tslib-2.4.0.tgz",
      "integrity": "sha512-d6xOpEDfsi2CZVlPQzGeux8XMwLT9hssAsaPYExaQMuYskwb+x1x7J371tWlbBdWHroy99KnVB6qIkUbs5X3UQ=="
    }
  }
}
